// !$*UTF8*$!
{
	archiveVersion = 1;
	classes = {
	};
	objectVersion = 48;
	objects = {

/* Begin PBXBuildFile section */
		72FB1FA43455317BBE22B60D /* libPods-CourseProject.a in Frameworks */ = {isa = PBXBuildFile; fileRef = 2844F40BA0D3F7EE4AF2B1E9 /* libPods-CourseProject.a */; };
		A2F26C5620223B33008A5704 /* AppDelegate.m in Sources */ = {isa = PBXBuildFile; fileRef = A2F26C5520223B33008A5704 /* AppDelegate.m */; };
		A2F26C5920223B33008A5704 /* ViewController.m in Sources */ = {isa = PBXBuildFile; fileRef = A2F26C5820223B33008A5704 /* ViewController.m */; };
		A2F26C5C20223B33008A5704 /* Main.storyboard in Resources */ = {isa = PBXBuildFile; fileRef = A2F26C5A20223B33008A5704 /* Main.storyboard */; };
		A2F26C5E20223B33008A5704 /* Assets.xcassets in Resources */ = {isa = PBXBuildFile; fileRef = A2F26C5D20223B33008A5704 /* Assets.xcassets */; };
		A2F26C6120223B33008A5704 /* LaunchScreen.storyboard in Resources */ = {isa = PBXBuildFile; fileRef = A2F26C5F20223B33008A5704 /* LaunchScreen.storyboard */; };
		A2F26C6420223B33008A5704 /* main.m in Sources */ = {isa = PBXBuildFile; fileRef = A2F26C6320223B33008A5704 /* main.m */; };
/* End PBXBuildFile section */

/* Begin PBXFileReference section */
		2844F40BA0D3F7EE4AF2B1E9 /* libPods-CourseProject.a */ = {isa = PBXFileReference; explicitFileType = archive.ar; includeInIndex = 0; path = "libPods-CourseProject.a"; sourceTree = BUILT_PRODUCTS_DIR; };
		A2F26C5120223B33008A5704 /* CourseProject.app */ = {isa = PBXFileReference; explicitFileType = wrapper.application; includeInIndex = 0; path = CourseProject.app; sourceTree = BUILT_PRODUCTS_DIR; };
		A2F26C5420223B33008A5704 /* AppDelegate.h */ = {isa = PBXFileReference; lastKnownFileType = sourcecode.c.h; path = AppDelegate.h; sourceTree = "<group>"; };
		A2F26C5520223B33008A5704 /* AppDelegate.m */ = {isa = PBXFileReference; lastKnownFileType = sourcecode.c.objc; path = AppDelegate.m; sourceTree = "<group>"; };
		A2F26C5720223B33008A5704 /* ViewController.h */ = {isa = PBXFileReference; lastKnownFileType = sourcecode.c.h; path = ViewController.h; sourceTree = "<group>"; };
		A2F26C5820223B33008A5704 /* ViewController.m */ = {isa = PBXFileReference; lastKnownFileType = sourcecode.c.objc; path = ViewController.m; sourceTree = "<group>"; };
		A2F26C5B20223B33008A5704 /* Base */ = {isa = PBXFileReference; lastKnownFileType = file.storyboard; name = Base; path = Base.lproj/Main.storyboard; sourceTree = "<group>"; };
		A2F26C5D20223B33008A5704 /* Assets.xcassets */ = {isa = PBXFileReference; lastKnownFileType = folder.assetcatalog; path = Assets.xcassets; sourceTree = "<group>"; };
		A2F26C6020223B33008A5704 /* Base */ = {isa = PBXFileReference; lastKnownFileType = file.storyboard; name = Base; path = Base.lproj/LaunchScreen.storyboard; sourceTree = "<group>"; };
		A2F26C6220223B33008A5704 /* Info.plist */ = {isa = PBXFileReference; lastKnownFileType = text.plist.xml; path = Info.plist; sourceTree = "<group>"; };
		A2F26C6320223B33008A5704 /* main.m */ = {isa = PBXFileReference; lastKnownFileType = sourcecode.c.objc; path = main.m; sourceTree = "<group>"; };
		AB9F62B7073A90CA54E01FCC /* Pods-CourseProject.debug.xcconfig */ = {isa = PBXFileReference; includeInIndex = 1; lastKnownFileType = text.xcconfig; name = "Pods-CourseProject.debug.xcconfig"; path = "Pods/Target Support Files/Pods-CourseProject/Pods-CourseProject.debug.xcconfig"; sourceTree = "<group>"; };
		BA383777BE0F6BC7AA8DBED2 /* Pods-CourseProject.release.xcconfig */ = {isa = PBXFileReference; includeInIndex = 1; lastKnownFileType = text.xcconfig; name = "Pods-CourseProject.release.xcconfig"; path = "Pods/Target Support Files/Pods-CourseProject/Pods-CourseProject.release.xcconfig"; sourceTree = "<group>"; };
/* End PBXFileReference section */

/* Begin PBXFrameworksBuildPhase section */
		A2F26C4E20223B33008A5704 /* Frameworks */ = {
			isa = PBXFrameworksBuildPhase;
			buildActionMask = 2147483647;
			files = (
				72FB1FA43455317BBE22B60D /* libPods-CourseProject.a in Frameworks */,
			);
			runOnlyForDeploymentPostprocessing = 0;
		};
/* End PBXFrameworksBuildPhase section */

/* Begin PBXGroup section */
		23A87D6820C0B025141D7103 /* Frameworks */ = {
			isa = PBXGroup;
			children = (
				2844F40BA0D3F7EE4AF2B1E9 /* libPods-CourseProject.a */,
			);
			name = Frameworks;
			sourceTree = "<group>";
		};
		A2F26C4820223B33008A5704 = {
			isa = PBXGroup;
			children = (
				A2F26C5320223B33008A5704 /* CourseProject */,
				A2F26C5220223B33008A5704 /* Products */,
				B19C55D6F70FC3E9D4F78CDC /* Pods */,
				23A87D6820C0B025141D7103 /* Frameworks */,
			);
			sourceTree = "<group>";
		};
		A2F26C5220223B33008A5704 /* Products */ = {
			isa = PBXGroup;
			children = (
				A2F26C5120223B33008A5704 /* CourseProject.app */,
			);
			name = Products;
			sourceTree = "<group>";
		};
		A2F26C5320223B33008A5704 /* CourseProject */ = {
			isa = PBXGroup;
			children = (
				A2F26C6320223B33008A5704 /* main.m */,
				A2F26C6B20223BA2008A5704 /* Resources */,
				A2F26C6A20223B9C008A5704 /* Classes */,
			);
			path = CourseProject;
			sourceTree = "<group>";
		};
		A2F26C6A20223B9C008A5704 /* Classes */ = {
			isa = PBXGroup;
			children = (
				A2F26C6D20223BB8008A5704 /* Flow */,
				A2F26C6C20223BAF008A5704 /* Application */,
			);
			path = Classes;
			sourceTree = "<group>";
		};
		A2F26C6B20223BA2008A5704 /* Resources */ = {
			isa = PBXGroup;
			children = (
				A2F26C5A20223B33008A5704 /* Main.storyboard */,
				A2F26C5D20223B33008A5704 /* Assets.xcassets */,
				A2F26C5F20223B33008A5704 /* LaunchScreen.storyboard */,
				A2F26C6220223B33008A5704 /* Info.plist */,
			);
			path = Resources;
			sourceTree = "<group>";
		};
		A2F26C6C20223BAF008A5704 /* Application */ = {
			isa = PBXGroup;
			children = (
				A2F26C5420223B33008A5704 /* AppDelegate.h */,
				A2F26C5520223B33008A5704 /* AppDelegate.m */,
			);
			path = Application;
			sourceTree = "<group>";
		};
		A2F26C6D20223BB8008A5704 /* Flow */ = {
			isa = PBXGroup;
			children = (
				A2F26C6E20223BBB008A5704 /* Main */,
			);
			path = Flow;
			sourceTree = "<group>";
		};
		A2F26C6E20223BBB008A5704 /* Main */ = {
			isa = PBXGroup;
			children = (
				A2F26C6F20223BC0008A5704 /* View */,
			);
			path = Main;
			sourceTree = "<group>";
		};
		A2F26C6F20223BC0008A5704 /* View */ = {
			isa = PBXGroup;
			children = (
				A2F26C5720223B33008A5704 /* ViewController.h */,
				A2F26C5820223B33008A5704 /* ViewController.m */,
			);
			path = View;
			sourceTree = "<group>";
		};
		B19C55D6F70FC3E9D4F78CDC /* Pods */ = {
			isa = PBXGroup;
			children = (
				AB9F62B7073A90CA54E01FCC /* Pods-CourseProject.debug.xcconfig */,
				BA383777BE0F6BC7AA8DBED2 /* Pods-CourseProject.release.xcconfig */,
			);
			name = Pods;
			sourceTree = "<group>";
		};
/* End PBXGroup section */

/* Begin PBXNativeTarget section */
		A2F26C5020223B33008A5704 /* CourseProject */ = {
			isa = PBXNativeTarget;
			buildConfigurationList = A2F26C6720223B33008A5704 /* Build configuration list for PBXNativeTarget "CourseProject" */;
			buildPhases = (
				F1CB0E4173F4822C4238E6CD /* [CP] Check Pods Manifest.lock */,
				A2F26C4D20223B33008A5704 /* Sources */,
				A2F26C4E20223B33008A5704 /* Frameworks */,
				A2F26C4F20223B33008A5704 /* Resources */,
				B099F8A3B0E74C78915A75D3 /* [CP] Embed Pods Frameworks */,
				2A9E539846315D616F4A9DDB /* [CP] Copy Pods Resources */,
			);
			buildRules = (
			);
			dependencies = (
			);
			name = CourseProject;
			productName = CourseProject;
			productReference = A2F26C5120223B33008A5704 /* CourseProject.app */;
			productType = "com.apple.product-type.application";
		};
/* End PBXNativeTarget section */

/* Begin PBXProject section */
		A2F26C4920223B33008A5704 /* Project object */ = {
			isa = PBXProject;
			attributes = {
				LastUpgradeCheck = 0920;
				ORGANIZATIONNAME = "Alex Tsonev";
				TargetAttributes = {
					A2F26C5020223B33008A5704 = {
						CreatedOnToolsVersion = 9.2;
						ProvisioningStyle = Automatic;
					};
				};
			};
			buildConfigurationList = A2F26C4C20223B33008A5704 /* Build configuration list for PBXProject "CourseProject" */;
			compatibilityVersion = "Xcode 8.0";
			developmentRegion = en;
			hasScannedForEncodings = 0;
			knownRegions = (
				en,
				Base,
			);
			mainGroup = A2F26C4820223B33008A5704;
			productRefGroup = A2F26C5220223B33008A5704 /* Products */;
			projectDirPath = "";
			projectRoot = "";
			targets = (
				A2F26C5020223B33008A5704 /* CourseProject */,
			);
		};
/* End PBXProject section */

/* Begin PBXResourcesBuildPhase section */
		A2F26C4F20223B33008A5704 /* Resources */ = {
			isa = PBXResourcesBuildPhase;
			buildActionMask = 2147483647;
			files = (
				A2F26C6120223B33008A5704 /* LaunchScreen.storyboard in Resources */,
				A2F26C5E20223B33008A5704 /* Assets.xcassets in Resources */,
				A2F26C5C20223B33008A5704 /* Main.storyboard in Resources */,
			);
			runOnlyForDeploymentPostprocessing = 0;
		};
/* End PBXResourcesBuildPhase section */

/* Begin PBXShellScriptBuildPhase section */
		2A9E539846315D616F4A9DDB /* [CP] Copy Pods Resources */ = {
			isa = PBXShellScriptBuildPhase;
			buildActionMask = 2147483647;
			files = (
			);
			inputPaths = (
			);
			name = "[CP] Copy Pods Resources";
			outputPaths = (
			);
			runOnlyForDeploymentPostprocessing = 0;
			shellPath = /bin/sh;
			shellScript = "\"${SRCROOT}/Pods/Target Support Files/Pods-CourseProject/Pods-CourseProject-resources.sh\"\n";
			showEnvVarsInLog = 0;
		};
		B099F8A3B0E74C78915A75D3 /* [CP] Embed Pods Frameworks */ = {
			isa = PBXShellScriptBuildPhase;
			buildActionMask = 2147483647;
			files = (
			);
			inputPaths = (
			);
			name = "[CP] Embed Pods Frameworks";
			outputPaths = (
			);
			runOnlyForDeploymentPostprocessing = 0;
			shellPath = /bin/sh;
			shellScript = "\"${SRCROOT}/Pods/Target Support Files/Pods-CourseProject/Pods-CourseProject-frameworks.sh\"\n";
			showEnvVarsInLog = 0;
		};
		F1CB0E4173F4822C4238E6CD /* [CP] Check Pods Manifest.lock */ = {
			isa = PBXShellScriptBuildPhase;
			buildActionMask = 2147483647;
			files = (
			);
			inputPaths = (
				"${PODS_PODFILE_DIR_PATH}/Podfile.lock",
				"${PODS_ROOT}/Manifest.lock",
			);
			name = "[CP] Check Pods Manifest.lock";
			outputPaths = (
				"$(DERIVED_FILE_DIR)/Pods-CourseProject-checkManifestLockResult.txt",
			);
			runOnlyForDeploymentPostprocessing = 0;
			shellPath = /bin/sh;
			shellScript = "diff \"${PODS_PODFILE_DIR_PATH}/Podfile.lock\" \"${PODS_ROOT}/Manifest.lock\" > /dev/null\nif [ $? != 0 ] ; then\n    # print error to STDERR\n    echo \"error: The sandbox is not in sync with the Podfile.lock. Run 'pod install' or update your CocoaPods installation.\" >&2\n    exit 1\nfi\n# This output is used by Xcode 'outputs' to avoid re-running this script phase.\necho \"SUCCESS\" > \"${SCRIPT_OUTPUT_FILE_0}\"\n";
			showEnvVarsInLog = 0;
		};
/* End PBXShellScriptBuildPhase section */

/* Begin PBXSourcesBuildPhase section */
		A2F26C4D20223B33008A5704 /* Sources */ = {
			isa = PBXSourcesBuildPhase;
			buildActionMask = 2147483647;
			files = (
				A2F26C5920223B33008A5704 /* ViewController.m in Sources */,
				A2F26C6420223B33008A5704 /* main.m in Sources */,
				A2F26C5620223B33008A5704 /* AppDelegate.m in Sources */,
			);
			runOnlyForDeploymentPostprocessing = 0;
		};
/* End PBXSourcesBuildPhase section */

/* Begin PBXVariantGroup section */
		A2F26C5A20223B33008A5704 /* Main.storyboard */ = {
			isa = PBXVariantGroup;
			children = (
				A2F26C5B20223B33008A5704 /* Base */,
			);
			name = Main.storyboard;
			sourceTree = "<group>";
		};
		A2F26C5F20223B33008A5704 /* LaunchScreen.storyboard */ = {
			isa = PBXVariantGroup;
			children = (
				A2F26C6020223B33008A5704 /* Base */,
			);
			name = LaunchScreen.storyboard;
			sourceTree = "<group>";
		};
/* End PBXVariantGroup section */

/* Begin XCBuildConfiguration section */
		A2F26C6520223B33008A5704 /* Debug */ = {
			isa = XCBuildConfiguration;
			buildSettings = {
				ALWAYS_SEARCH_USER_PATHS = NO;
				CLANG_ANALYZER_NONNULL = YES;
				CLANG_ANALYZER_NUMBER_OBJECT_CONVERSION = YES_AGGRESSIVE;
				CLANG_CXX_LANGUAGE_STANDARD = "gnu++14";
				CLANG_CXX_LIBRARY = "libc++";
				CLANG_ENABLE_MODULES = YES;
				CLANG_ENABLE_OBJC_ARC = YES;
				CLANG_WARN_BLOCK_CAPTURE_AUTORELEASING = YES;
				CLANG_WARN_BOOL_CONVERSION = YES;
				CLANG_WARN_COMMA = YES;
				CLANG_WARN_CONSTANT_CONVERSION = YES;
				CLANG_WARN_DIRECT_OBJC_ISA_USAGE = YES_ERROR;
				CLANG_WARN_DOCUMENTATION_COMMENTS = YES;
				CLANG_WARN_EMPTY_BODY = YES;
				CLANG_WARN_ENUM_CONVERSION = YES;
				CLANG_WARN_INFINITE_RECURSION = YES;
				CLANG_WARN_INT_CONVERSION = YES;
				CLANG_WARN_NON_LITERAL_NULL_CONVERSION = YES;
				CLANG_WARN_OBJC_LITERAL_CONVERSION = YES;
				CLANG_WARN_OBJC_ROOT_CLASS = YES_ERROR;
				CLANG_WARN_RANGE_LOOP_ANALYSIS = YES;
				CLANG_WARN_STRICT_PROTOTYPES = YES;
				CLANG_WARN_SUSPICIOUS_MOVE = YES;
				CLANG_WARN_UNGUARDED_AVAILABILITY = YES_AGGRESSIVE;
				CLANG_WARN_UNREACHABLE_CODE = YES;
				CLANG_WARN__DUPLICATE_METHOD_MATCH = YES;
				CODE_SIGN_IDENTITY = "iPhone Developer";
				COPY_PHASE_STRIP = NO;
				DEBUG_INFORMATION_FORMAT = dwarf;
				ENABLE_STRICT_OBJC_MSGSEND = YES;
				ENABLE_TESTABILITY = YES;
				GCC_C_LANGUAGE_STANDARD = gnu11;
				GCC_DYNAMIC_NO_PIC = NO;
				GCC_NO_COMMON_BLOCKS = YES;
				GCC_OPTIMIZATION_LEVEL = 0;
				GCC_PREPROCESSOR_DEFINITIONS = (
					"DEBUG=1",
					"$(inherited)",
				);
				GCC_WARN_64_TO_32_BIT_CONVERSION = YES;
				GCC_WARN_ABOUT_RETURN_TYPE = YES_ERROR;
				GCC_WARN_UNDECLARED_SELECTOR = YES;
				GCC_WARN_UNINITIALIZED_AUTOS = YES_AGGRESSIVE;
				GCC_WARN_UNUSED_FUNCTION = YES;
				GCC_WARN_UNUSED_VARIABLE = YES;
				IPHONEOS_DEPLOYMENT_TARGET = 11.2;
				MTL_ENABLE_DEBUG_INFO = YES;
				ONLY_ACTIVE_ARCH = YES;
				SDKROOT = iphoneos;
			};
			name = Debug;
		};
		A2F26C6620223B33008A5704 /* Release */ = {
			isa = XCBuildConfiguration;
			buildSettings = {
				ALWAYS_SEARCH_USER_PATHS = NO;
				CLANG_ANALYZER_NONNULL = YES;
				CLANG_ANALYZER_NUMBER_OBJECT_CONVERSION = YES_AGGRESSIVE;
				CLANG_CXX_LANGUAGE_STANDARD = "gnu++14";
				CLANG_CXX_LIBRARY = "libc++";
				CLANG_ENABLE_MODULES = YES;
				CLANG_ENABLE_OBJC_ARC = YES;
				CLANG_WARN_BLOCK_CAPTURE_AUTORELEASING = YES;
				CLANG_WARN_BOOL_CONVERSION = YES;
				CLANG_WARN_COMMA = YES;
				CLANG_WARN_CONSTANT_CONVERSION = YES;
				CLANG_WARN_DIRECT_OBJC_ISA_USAGE = YES_ERROR;
				CLANG_WARN_DOCUMENTATION_COMMENTS = YES;
				CLANG_WARN_EMPTY_BODY = YES;
				CLANG_WARN_ENUM_CONVERSION = YES;
				CLANG_WARN_INFINITE_RECURSION = YES;
				CLANG_WARN_INT_CONVERSION = YES;
				CLANG_WARN_NON_LITERAL_NULL_CONVERSION = YES;
				CLANG_WARN_OBJC_LITERAL_CONVERSION = YES;
				CLANG_WARN_OBJC_ROOT_CLASS = YES_ERROR;
				CLANG_WARN_RANGE_LOOP_ANALYSIS = YES;
				CLANG_WARN_STRICT_PROTOTYPES = YES;
				CLANG_WARN_SUSPICIOUS_MOVE = YES;
				CLANG_WARN_UNGUARDED_AVAILABILITY = YES_AGGRESSIVE;
				CLANG_WARN_UNREACHABLE_CODE = YES;
				CLANG_WARN__DUPLICATE_METHOD_MATCH = YES;
				CODE_SIGN_IDENTITY = "iPhone Developer";
				COPY_PHASE_STRIP = NO;
				DEBUG_INFORMATION_FORMAT = "dwarf-with-dsym";
				ENABLE_NS_ASSERTIONS = NO;
				ENABLE_STRICT_OBJC_MSGSEND = YES;
				GCC_C_LANGUAGE_STANDARD = gnu11;
				GCC_NO_COMMON_BLOCKS = YES;
				GCC_WARN_64_TO_32_BIT_CONVERSION = YES;
				GCC_WARN_ABOUT_RETURN_TYPE = YES_ERROR;
				GCC_WARN_UNDECLARED_SELECTOR = YES;
				GCC_WARN_UNINITIALIZED_AUTOS = YES_AGGRESSIVE;
				GCC_WARN_UNUSED_FUNCTION = YES;
				GCC_WARN_UNUSED_VARIABLE = YES;
				IPHONEOS_DEPLOYMENT_TARGET = 11.2;
				MTL_ENABLE_DEBUG_INFO = NO;
				SDKROOT = iphoneos;
				VALIDATE_PRODUCT = YES;
			};
			name = Release;
		};
		A2F26C6820223B33008A5704 /* Debug */ = {
			isa = XCBuildConfiguration;
			baseConfigurationReference = AB9F62B7073A90CA54E01FCC /* Pods-CourseProject.debug.xcconfig */;
			buildSettings = {
				ASSETCATALOG_COMPILER_APPICON_NAME = AppIcon;
				CODE_SIGN_STYLE = Automatic;
				DEVELOPMENT_TEAM = 38QC7Z85MT;
				INFOPLIST_FILE = CourseProject/Resources/Info.plist;
				LD_RUNPATH_SEARCH_PATHS = "$(inherited) @executable_path/Frameworks";
				PRODUCT_BUNDLE_IDENTIFIER = AT.CourseProject;
				PRODUCT_NAME = "$(TARGET_NAME)";
				TARGETED_DEVICE_FAMILY = "1,2";
			};
			name = Debug;
		};
		A2F26C6920223B33008A5704 /* Release */ = {
			isa = XCBuildConfiguration;
			baseConfigurationReference = BA383777BE0F6BC7AA8DBED2 /* Pods-CourseProject.release.xcconfig */;
			buildSettings = {
				ASSETCATALOG_COMPILER_APPICON_NAME = AppIcon;
				CODE_SIGN_STYLE = Automatic;
				DEVELOPMENT_TEAM = 38QC7Z85MT;
				INFOPLIST_FILE = CourseProject/Resources/Info.plist;
				LD_RUNPATH_SEARCH_PATHS = "$(inherited) @executable_path/Frameworks";
				PRODUCT_BUNDLE_IDENTIFIER = AT.CourseProject;
				PRODUCT_NAME = "$(TARGET_NAME)";
				TARGETED_DEVICE_FAMILY = "1,2";
			};
			name = Release;
		};
/* End XCBuildConfiguration section */

/* Begin XCConfigurationList section */
		A2F26C4C20223B33008A5704 /* Build configuration list for PBXProject "CourseProject" */ = {
			isa = XCConfigurationList;
			buildConfigurations = (
				A2F26C6520223B33008A5704 /* Debug */,
				A2F26C6620223B33008A5704 /* Release */,
			);
			defaultConfigurationIsVisible = 0;
			defaultConfigurationName = Release;
		};
		A2F26C6720223B33008A5704 /* Build configuration list for PBXNativeTarget "CourseProject" */ = {
			isa = XCConfigurationList;
			buildConfigurations = (
				A2F26C6820223B33008A5704 /* Debug */,
				A2F26C6920223B33008A5704 /* Release */,
			);
			defaultConfigurationIsVisible = 0;
			defaultConfigurationName = Release;
		};
/* End XCConfigurationList section */
	};
	rootObject = A2F26C4920223B33008A5704 /* Project object */;
}
